{
  "name": "ange-basic-calculator",
  "version": "1.0.4",
  "lockfileVersion": 3,
  "requires": true,
  "packages": {
    "": {
      "name": "ange-basic-calculator",
      "version": "1.0.4",
      "license": "MIT",
      "dependencies": {
        "eric-basic-calculator": "^1.0.1",
        "uwitonze-basic-calculator": "^1.0.0"
      }
    },
    "node_modules/eric-basic-calculator": {
      "version": "1.0.1",
      "resolved": "https://registry.npmjs.org/eric-basic-calculator/-/eric-basic-calculator-1.0.1.tgz",
      "integrity": "sha512-eG1i1Gmkaca8wlp9LiNaCcEgqfjE+pQEWV/xFtJehb8IhOk0+wj9XW2EJ9BNm8n8c3U3DaYa66Uld2JcsfHhfw=="
    },
    "node_modules/uwitonze-basic-calculator": {
      "version": "1.0.0",
      "resolved": "https://registry.npmjs.org/uwitonze-basic-calculator/-/uwitonze-basic-calculator-1.0.0.tgz",
      "integrity": "sha512-qc58+mhMTAUKixtT2W69MgfJ+LhXV4WRueaF7ZpvW9+KMQFJ2kb8k+emhYlmh2AgrdYjLiT5u2C4Wy6Lal53Bw=="
    }
  }
}
